// !$*UTF8*$!
{
	archiveVersion = 1;
	classes = {
	};
	objectVersion = 50;
	objects = {

/* Begin PBXBuildFile section */
		955188F9258D371400FD9ADF /* AppDelegate.swift in Sources */ = {isa = PBXBuildFile; fileRef = 955188F8258D371400FD9ADF /* AppDelegate.swift */; };
		955188FB258D371400FD9ADF /* SceneDelegate.swift in Sources */ = {isa = PBXBuildFile; fileRef = 955188FA258D371400FD9ADF /* SceneDelegate.swift */; };
		955188FD258D371400FD9ADF /* ViewController.swift in Sources */ = {isa = PBXBuildFile; fileRef = 955188FC258D371400FD9ADF /* ViewController.swift */; };
		95518900258D371400FD9ADF /* Main.storyboard in Resources */ = {isa = PBXBuildFile; fileRef = 955188FE258D371400FD9ADF /* Main.storyboard */; };
		95518902258D371700FD9ADF /* Assets.xcassets in Resources */ = {isa = PBXBuildFile; fileRef = 95518901258D371700FD9ADF /* Assets.xcassets */; };
		95518905258D371700FD9ADF /* LaunchScreen.storyboard in Resources */ = {isa = PBXBuildFile; fileRef = 95518903258D371700FD9ADF /* LaunchScreen.storyboard */; };
		9551890E258D3A6F00FD9ADF /* MobileNetV2.mlmodel in Sources */ = {isa = PBXBuildFile; fileRef = 9551890D258D3A6E00FD9ADF /* MobileNetV2.mlmodel */; };
/* End PBXBuildFile section */

/* Begin PBXFileReference section */
		955188F5258D371400FD9ADF /* ML_Image_Recognition_Ios_App.app */ = {isa = PBXFileReference; explicitFileType = wrapper.application; includeInIndex = 0; path = ML_Image_Recognition_Ios_App.app; sourceTree = BUILT_PRODUCTS_DIR; };
		955188F8258D371400FD9ADF /* AppDelegate.swift */ = {isa = PBXFileReference; lastKnownFileType = sourcecode.swift; path = AppDelegate.swift; sourceTree = "<group>"; };
		955188FA258D371400FD9ADF /* SceneDelegate.swift */ = {isa = PBXFileReference; lastKnownFileType = sourcecode.swift; path = SceneDelegate.swift; sourceTree = "<group>"; };
		955188FC258D371400FD9ADF /* ViewController.swift */ = {isa = PBXFileReference; lastKnownFileType = sourcecode.swift; path = ViewController.swift; sourceTree = "<group>"; };
		955188FF258D371400FD9ADF /* Base */ = {isa = PBXFileReference; lastKnownFileType = file.storyboard; name = Base; path = Base.lproj/Main.storyboard; sourceTree = "<group>"; };
		95518901258D371700FD9ADF /* Assets.xcassets */ = {isa = PBXFileReference; lastKnownFileType = folder.assetcatalog; path = Assets.xcassets; sourceTree = "<group>"; };
		95518904258D371700FD9ADF /* Base */ = {isa = PBXFileReference; lastKnownFileType = file.storyboard; name = Base; path = Base.lproj/LaunchScreen.storyboard; sourceTree = "<group>"; };
		95518906258D371700FD9ADF /* Info.plist */ = {isa = PBXFileReference; lastKnownFileType = text.plist.xml; path = Info.plist; sourceTree = "<group>"; };
		9551890D258D3A6E00FD9ADF /* MobileNetV2.mlmodel */ = {isa = PBXFileReference; lastKnownFileType = file.mlmodel; name = MobileNetV2.mlmodel; path = ../../../../Downloads/MobileNetV2.mlmodel; sourceTree = "<group>"; };
/* End PBXFileReference section */

/* Begin PBXFrameworksBuildPhase section */
		955188F2258D371400FD9ADF /* Frameworks */ = {
			isa = PBXFrameworksBuildPhase;
			buildActionMask = 2147483647;
			files = (
			);
			runOnlyForDeploymentPostprocessing = 0;
		};
/* End PBXFrameworksBuildPhase section */

/* Begin PBXGroup section */
		955188EC258D371400FD9ADF = {
			isa = PBXGroup;
			children = (
				955188F7258D371400FD9ADF /* ML_Image_Recognition_Ios_App */,
				955188F6258D371400FD9ADF /* Products */,
			);
			sourceTree = "<group>";
		};
		955188F6258D371400FD9ADF /* Products */ = {
			isa = PBXGroup;
			children = (
				955188F5258D371400FD9ADF /* ML_Image_Recognition_Ios_App.app */,
			);
			name = Products;
			sourceTree = "<group>";
		};
		955188F7258D371400FD9ADF /* ML_Image_Recognition_Ios_App */ = {
			isa = PBXGroup;
			children = (
				955188F8258D371400FD9ADF /* AppDelegate.swift */,
				955188FA258D371400FD9ADF /* SceneDelegate.swift */,
				955188FC258D371400FD9ADF /* ViewController.swift */,
				955188FE258D371400FD9ADF /* Main.storyboard */,
				95518901258D371700FD9ADF /* Assets.xcassets */,
				95518903258D371700FD9ADF /* LaunchScreen.storyboard */,
				9551890D258D3A6E00FD9ADF /* MobileNetV2.mlmodel */,
				95518906258D371700FD9ADF /* Info.plist */,
			);
			path = ML_Image_Recognition_Ios_App;
			sourceTree = "<group>";
		};
/* End PBXGroup section */

/* Begin PBXNativeTarget section */
		955188F4258D371400FD9ADF /* ML_Image_Recognition_Ios_App */ = {
			isa = PBXNativeTarget;
			buildConfigurationList = 95518909258D371700FD9ADF /* Build configuration list for PBXNativeTarget "ML_Image_Recognition_Ios_App" */;
			buildPhases = (
				955188F1258D371400FD9ADF /* Sources */,
				955188F2258D371400FD9ADF /* Frameworks */,
				955188F3258D371400FD9ADF /* Resources */,
			);
			buildRules = (
			);
			dependencies = (
			);
			name = ML_Image_Recognition_Ios_App;
			productName = ML_Image_Recognition_Ios_App;
			productReference = 955188F5258D371400FD9ADF /* ML_Image_Recognition_Ios_App.app */;
			productType = "com.apple.product-type.application";
		};
/* End PBXNativeTarget section */

/* Begin PBXProject section */
		955188ED258D371400FD9ADF /* Project object */ = {
			isa = PBXProject;
			attributes = {
				LastSwiftUpdateCheck = 1230;
				LastUpgradeCheck = 1230;
				TargetAttributes = {
					955188F4258D371400FD9ADF = {
						CreatedOnToolsVersion = 12.3;
					};
				};
			};
			buildConfigurationList = 955188F0258D371400FD9ADF /* Build configuration list for PBXProject "ML_Image_Recognition_Ios_App" */;
			compatibilityVersion = "Xcode 9.3";
			developmentRegion = en;
			hasScannedForEncodings = 0;
			knownRegions = (
				en,
				Base,
			);
			mainGroup = 955188EC258D371400FD9ADF;
			productRefGroup = 955188F6258D371400FD9ADF /* Products */;
			projectDirPath = "";
			projectRoot = "";
			targets = (
				955188F4258D371400FD9ADF /* ML_Image_Recognition_Ios_App */,
			);
		};
/* End PBXProject section */

/* Begin PBXResourcesBuildPhase section */
		955188F3258D371400FD9ADF /* Resources */ = {
			isa = PBXResourcesBuildPhase;
			buildActionMask = 2147483647;
			files = (
				95518905258D371700FD9ADF /* LaunchScreen.storyboard in Resources */,
				95518902258D371700FD9ADF /* Assets.xcassets in Resources */,
				95518900258D371400FD9ADF /* Main.storyboard in Resources */,
			);
			runOnlyForDeploymentPostprocessing = 0;
		};
/* End PBXResourcesBuildPhase section */

/* Begin PBXSourcesBuildPhase section */
		955188F1258D371400FD9ADF /* Sources */ = {
			isa = PBXSourcesBuildPhase;
			buildActionMask = 2147483647;
			files = (
				955188FD258D371400FD9ADF /* ViewController.swift in Sources */,
				955188F9258D371400FD9ADF /* AppDelegate.swift in Sources */,
				9551890E258D3A6F00FD9ADF /* MobileNetV2.mlmodel in Sources */,
				955188FB258D371400FD9ADF /* SceneDelegate.swift in Sources */,
			);
			runOnlyForDeploymentPostprocessing = 0;
		};
/* End PBXSourcesBuildPhase section */

/* Begin PBXVariantGroup section */
		955188FE258D371400FD9ADF /* Main.storyboard */ = {
			isa = PBXVariantGroup;
			children = (
				955188FF258D371400FD9ADF /* Base */,
			);
			name = Main.storyboard;
			sourceTree = "<group>";
		};
		95518903258D371700FD9ADF /* LaunchScreen.storyboard */ = {
			isa = PBXVariantGroup;
			children = (
				95518904258D371700FD9ADF /* Base */,
			);
			name = LaunchScreen.storyboard;
			sourceTree = "<group>";
		};
/* End PBXVariantGroup section */

/* Begin XCBuildConfiguration section */
		95518907258D371700FD9ADF /* Debug */ = {
			isa = XCBuildConfiguration;
			buildSettings = {
				ALWAYS_SEARCH_USER_PATHS = NO;
				CLANG_ANALYZER_NONNULL = YES;
				CLANG_ANALYZER_NUMBER_OBJECT_CONVERSION = YES_AGGRESSIVE;
				CLANG_CXX_LANGUAGE_STANDARD = "gnu++14";
				CLANG_CXX_LIBRARY = "libc++";
				CLANG_ENABLE_MODULES = YES;
				CLANG_ENABLE_OBJC_ARC = YES;
				CLANG_ENABLE_OBJC_WEAK = YES;
				CLANG_WARN_BLOCK_CAPTURE_AUTORELEASING = YES;
				CLANG_WARN_BOOL_CONVERSION = YES;
				CLANG_WARN_COMMA = YES;
				CLANG_WARN_CONSTANT_CONVERSION = YES;
				CLANG_WARN_DEPRECATED_OBJC_IMPLEMENTATIONS = YES;
				CLANG_WARN_DIRECT_OBJC_ISA_USAGE = YES_ERROR;
				CLANG_WARN_DOCUMENTATION_COMMENTS = YES;
				CLANG_WARN_EMPTY_BODY = YES;
				CLANG_WARN_ENUM_CONVERSION = YES;
				CLANG_WARN_INFINITE_RECURSION = YES;
				CLANG_WARN_INT_CONVERSION = YES;
				CLANG_WARN_NON_LITERAL_NULL_CONVERSION = YES;
				CLANG_WARN_OBJC_IMPLICIT_RETAIN_SELF = YES;
				CLANG_WARN_OBJC_LITERAL_CONVERSION = YES;
				CLANG_WARN_OBJC_ROOT_CLASS = YES_ERROR;
				CLANG_WARN_QUOTED_INCLUDE_IN_FRAMEWORK_HEADER = YES;
				CLANG_WARN_RANGE_LOOP_ANALYSIS = YES;
				CLANG_WARN_STRICT_PROTOTYPES = YES;
				CLANG_WARN_SUSPICIOUS_MOVE = YES;
				CLANG_WARN_UNGUARDED_AVAILABILITY = YES_AGGRESSIVE;
				CLANG_WARN_UNREACHABLE_CODE = YES;
				CLANG_WARN__DUPLICATE_METHOD_MATCH = YES;
				COPY_PHASE_STRIP = NO;
				DEBUG_INFORMATION_FORMAT = dwarf;
				ENABLE_STRICT_OBJC_MSGSEND = YES;
				ENABLE_TESTABILITY = YES;
				GCC_C_LANGUAGE_STANDARD = gnu11;
				GCC_DYNAMIC_NO_PIC = NO;
				GCC_NO_COMMON_BLOCKS = YES;
				GCC_OPTIMIZATION_LEVEL = 0;
				GCC_PREPROCESSOR_DEFINITIONS = (
					"DEBUG=1",
					"$(inherited)",
				);
				GCC_WARN_64_TO_32_BIT_CONVERSION = YES;
				GCC_WARN_ABOUT_RETURN_TYPE = YES_ERROR;
				GCC_WARN_UNDECLARED_SELECTOR = YES;
				GCC_WARN_UNINITIALIZED_AUTOS = YES_AGGRESSIVE;
				GCC_WARN_UNUSED_FUNCTION = YES;
				GCC_WARN_UNUSED_VARIABLE = YES;
				IPHONEOS_DEPLOYMENT_TARGET = 14.3;
				MTL_ENABLE_DEBUG_INFO = INCLUDE_SOURCE;
				MTL_FAST_MATH = YES;
				ONLY_ACTIVE_ARCH = YES;
				SDKROOT = iphoneos;
				SWIFT_ACTIVE_COMPILATION_CONDITIONS = DEBUG;
				SWIFT_OPTIMIZATION_LEVEL = "-Onone";
			};
			name = Debug;
		};
		95518908258D371700FD9ADF /* Release */ = {
			isa = XCBuildConfiguration;
			buildSettings = {
				ALWAYS_SEARCH_USER_PATHS = NO;
				CLANG_ANALYZER_NONNULL = YES;
				CLANG_ANALYZER_NUMBER_OBJECT_CONVERSION = YES_AGGRESSIVE;
				CLANG_CXX_LANGUAGE_STANDARD = "gnu++14";
				CLANG_CXX_LIBRARY = "libc++";
				CLANG_ENABLE_MODULES = YES;
				CLANG_ENABLE_OBJC_ARC = YES;
				CLANG_ENABLE_OBJC_WEAK = YES;
				CLANG_WARN_BLOCK_CAPTURE_AUTORELEASING = YES;
				CLANG_WARN_BOOL_CONVERSION = YES;
				CLANG_WARN_COMMA = YES;
				CLANG_WARN_CONSTANT_CONVERSION = YES;
				CLANG_WARN_DEPRECATED_OBJC_IMPLEMENTATIONS = YES;
				CLANG_WARN_DIRECT_OBJC_ISA_USAGE = YES_ERROR;
				CLANG_WARN_DOCUMENTATION_COMMENTS = YES;
				CLANG_WARN_EMPTY_BODY = YES;
				CLANG_WARN_ENUM_CONVERSION = YES;
				CLANG_WARN_INFINITE_RECURSION = YES;
				CLANG_WARN_INT_CONVERSION = YES;
				CLANG_WARN_NON_LITERAL_NULL_CONVERSION = YES;
				CLANG_WARN_OBJC_IMPLICIT_RETAIN_SELF = YES;
				CLANG_WARN_OBJC_LITERAL_CONVERSION = YES;
				CLANG_WARN_OBJC_ROOT_CLASS = YES_ERROR;
				CLANG_WARN_QUOTED_INCLUDE_IN_FRAMEWORK_HEADER = YES;
				CLANG_WARN_RANGE_LOOP_ANALYSIS = YES;
				CLANG_WARN_STRICT_PROTOTYPES = YES;
				CLANG_WARN_SUSPICIOUS_MOVE = YES;
				CLANG_WARN_UNGUARDED_AVAILABILITY = YES_AGGRESSIVE;
				CLANG_WARN_UNREACHABLE_CODE = YES;
				CLANG_WARN__DUPLICATE_METHOD_MATCH = YES;
				COPY_PHASE_STRIP = NO;
				DEBUG_INFORMATION_FORMAT = "dwarf-with-dsym";
				ENABLE_NS_ASSERTIONS = NO;
				ENABLE_STRICT_OBJC_MSGSEND = YES;
				GCC_C_LANGUAGE_STANDARD = gnu11;
				GCC_NO_COMMON_BLOCKS = YES;
				GCC_WARN_64_TO_32_BIT_CONVERSION = YES;
				GCC_WARN_ABOUT_RETURN_TYPE = YES_ERROR;
				GCC_WARN_UNDECLARED_SELECTOR = YES;
				GCC_WARN_UNINITIALIZED_AUTOS = YES_AGGRESSIVE;
				GCC_WARN_UNUSED_FUNCTION = YES;
				GCC_WARN_UNUSED_VARIABLE = YES;
				IPHONEOS_DEPLOYMENT_TARGET = 14.3;
				MTL_ENABLE_DEBUG_INFO = NO;
				MTL_FAST_MATH = YES;
				SDKROOT = iphoneos;
				SWIFT_COMPILATION_MODE = wholemodule;
				SWIFT_OPTIMIZATION_LEVEL = "-O";
				VALIDATE_PRODUCT = YES;
			};
			name = Release;
		};
		9551890A258D371700FD9ADF /* Debug */ = {
			isa = XCBuildConfiguration;
			buildSettings = {
				ASSETCATALOG_COMPILER_APPICON_NAME = AppIcon;
				ASSETCATALOG_COMPILER_GLOBAL_ACCENT_COLOR_NAME = AccentColor;
				CODE_SIGN_STYLE = Automatic;
				DEVELOPMENT_TEAM = 6RWH32DSX5;
				INFOPLIST_FILE = ML_Image_Recognition_Ios_App/Info.plist;
				LD_RUNPATH_SEARCH_PATHS = (
					"$(inherited)",
					"@executable_path/Frameworks",
				);
				PRODUCT_BUNDLE_IDENTIFIER = "com.koseali.ML-Image-Recognition-Ios-App";
				PRODUCT_NAME = "$(TARGET_NAME)";
				SWIFT_VERSION = 5.0;
				TARGETED_DEVICE_FAMILY = "1,2";
			};
			name = Debug;
		};
		9551890B258D371700FD9ADF /* Release */ = {
			isa = XCBuildConfiguration;
			buildSettings = {
				ASSETCATALOG_COMPILER_APPICON_NAME = AppIcon;
				ASSETCATALOG_COMPILER_GLOBAL_ACCENT_COLOR_NAME = AccentColor;
				CODE_SIGN_STYLE = Automatic;
				DEVELOPMENT_TEAM = 6RWH32DSX5;
				INFOPLIST_FILE = ML_Image_Recognition_Ios_App/Info.plist;
				LD_RUNPATH_SEARCH_PATHS = (
					"$(inherited)",
					"@executable_path/Frameworks",
				);
				PRODUCT_BUNDLE_IDENTIFIER = "com.koseali.ML-Image-Recognition-Ios-App";
				PRODUCT_NAME = "$(TARGET_NAME)";
				SWIFT_VERSION = 5.0;
				TARGETED_DEVICE_FAMILY = "1,2";
			};
			name = Release;
		};
/* End XCBuildConfiguration section */

/* Begin XCConfigurationList section */
		955188F0258D371400FD9ADF /* Build configuration list for PBXProject "ML_Image_Recognition_Ios_App" */ = {
			isa = XCConfigurationList;
			buildConfigurations = (
				95518907258D371700FD9ADF /* Debug */,
				95518908258D371700FD9ADF /* Release */,
			);
			defaultConfigurationIsVisible = 0;
			defaultConfigurationName = Release;
		};
		95518909258D371700FD9ADF /* Build configuration list for PBXNativeTarget "ML_Image_Recognition_Ios_App" */ = {
			isa = XCConfigurationList;
			buildConfigurations = (
				9551890A258D371700FD9ADF /* Debug */,
				9551890B258D371700FD9ADF /* Release */,
			);
			defaultConfigurationIsVisible = 0;
			defaultConfigurationName = Release;
		};
/* End XCConfigurationList section */
	};
	rootObject = 955188ED258D371400FD9ADF /* Project object */;
}
